hash: 16987b837a0d11bf0b86ac8949ad9e863025d38839b5165e394c978ca31597ab
updated: 2017-12-14T12:28:02.65439085+07:00
imports:
- name: github.com/gin-contrib/cors
  version: cf4846e6a636a76237a28d9286f163c132e841bc
- name: github.com/gin-contrib/size
  version: ad1f1893b88f06085b154a2a696b3fff4532639d
- name: github.com/gin-contrib/zap
  version: d9cba4d9e01a9c38bf399af8cdb0f641131e6aaa
- name: github.com/gin-gonic/gin
  version: d459835d2b077e44f7c9b453505ee29881d5d12d
- name: github.com/satori/go.uuid
  version: 879c5887cd475cd7864858769793b2ceb0d44feb
- name: go.uber.org/zap
  version: 35aad584952c3e7020db7b839f6b102de6271f89
testImports: []
